
Microsoft Visual Studio Solution File, Format Version 11.00
# Visual Studio 2010
Project("{8BC9CEB8-8B4A-11D0-8D11-00A0C91BC942}") = "HoboCopy", "HoboCopy.vcxproj", "{FC0AD7E3-91E2-4232-8289-E1DC8F9395C6}"
EndProject
Global
	GlobalSection(SolutionConfigurationPlatforms) = preSolution
		Debug-W2K3|x64 = Debug-W2K3|x64
		Debug-W2K3|x86 = Debug-W2K3|x86
		Debug-XP|x64 = Debug-XP|x64
		Debug-XP|x86 = Debug-XP|x86
		Release-W2K3|x64 = Release-W2K3|x64
		Release-W2K3|x86 = Release-W2K3|x86
		Release-x64|x64 = Release-x64|x64
		Release-x64|x86 = Release-x64|x86
		Release-XP|x64 = Release-XP|x64
		Release-XP|x86 = Release-XP|x86
	EndGlobalSection
	GlobalSection(ProjectConfigurationPlatforms) = postSolution
		{FC0AD7E3-91E2-4232-8289-E1DC8F9395C6}.Debug-W2K3|x64.ActiveCfg = Debug-W2K3|x64
		{FC0AD7E3-91E2-4232-8289-E1DC8F9395C6}.Debug-W2K3|x64.Build.0 = Debug-W2K3|x64
		{FC0AD7E3-91E2-4232-8289-E1DC8F9395C6}.Debug-W2K3|x86.ActiveCfg = Debug-W2K3|Win32
		{FC0AD7E3-91E2-4232-8289-E1DC8F9395C6}.Debug-W2K3|x86.Build.0 = Debug-W2K3|Win32
		{FC0AD7E3-91E2-4232-8289-E1DC8F9395C6}.Debug-XP|x64.ActiveCfg = Debug-XP|x64
		{FC0AD7E3-91E2-4232-8289-E1DC8F9395C6}.Debug-XP|x64.Build.0 = Debug-XP|x64
		{FC0AD7E3-91E2-4232-8289-E1DC8F9395C6}.Debug-XP|x86.ActiveCfg = Debug-XP|Win32
		{FC0AD7E3-91E2-4232-8289-E1DC8F9395C6}.Debug-XP|x86.Build.0 = Debug-XP|Win32
		{FC0AD7E3-91E2-4232-8289-E1DC8F9395C6}.Release-W2K3|x64.ActiveCfg = Release-W2K3|x64
		{FC0AD7E3-91E2-4232-8289-E1DC8F9395C6}.Release-W2K3|x64.Build.0 = Release-W2K3|x64
		{FC0AD7E3-91E2-4232-8289-E1DC8F9395C6}.Release-W2K3|x86.ActiveCfg = Release-W2K3|Win32
		{FC0AD7E3-91E2-4232-8289-E1DC8F9395C6}.Release-W2K3|x86.Build.0 = Release-W2K3|Win32
		{FC0AD7E3-91E2-4232-8289-E1DC8F9395C6}.Release-x64|x64.ActiveCfg = Release-x64|x64
		{FC0AD7E3-91E2-4232-8289-E1DC8F9395C6}.Release-x64|x64.Build.0 = Release-x64|x64
		{FC0AD7E3-91E2-4232-8289-E1DC8F9395C6}.Release-x64|x86.ActiveCfg = Release-x64|Win32
		{FC0AD7E3-91E2-4232-8289-E1DC8F9395C6}.Release-x64|x86.Build.0 = Release-x64|Win32
		{FC0AD7E3-91E2-4232-8289-E1DC8F9395C6}.Release-XP|x64.ActiveCfg = Release-XP|x64
		{FC0AD7E3-91E2-4232-8289-E1DC8F9395C6}.Release-XP|x64.Build.0 = Release-XP|x64
		{FC0AD7E3-91E2-4232-8289-E1DC8F9395C6}.Release-XP|x86.ActiveCfg = Release-XP|Win32
		{FC0AD7E3-91E2-4232-8289-E1DC8F9395C6}.Release-XP|x86.Build.0 = Release-XP|Win32
	EndGlobalSection
	GlobalSection(SolutionProperties) = preSolution
		HideSolutionNode = FALSE
	EndGlobalSection
EndGlobal
